Microsoft Visual Studio Solution File, Format Version 12.00
# Visual Studio 2013
VisualStudioVersion = 12.0.21005.1
MinimumVisualStudioVersion = 10.0.40219.1
Project("{2150E333-8FDC-42A3-9474-1A3956D46DE8}") = "[0] Support", "[0] Support", "{74C64598-4C81-4B7F-A841-A74E6CB81BA5}"
	ProjectSection(SolutionItems) = preProject
		obj.application.xml = obj.application.xml
		obj.parts.xml = obj.parts.xml
	EndProjectSection
EndProject
Project("{2150E333-8FDC-42A3-9474-1A3956D46DE8}") = "[1] Library", "[1] Library", "{84BB0E3D-378B-40DE-B11D-D871DB7DE282}"
EndProject
Project("{2150E333-8FDC-42A3-9474-1A3956D46DE8}") = "[2] Web", "[2] Web", "{58C2CEA6-1F73-4465-B112-FB5CC0A4E243}"
EndProject
Project("{2150E333-8FDC-42A3-9474-1A3956D46DE8}") = "[3] Tests", "[3] Tests", "{1B98AD67-160E-4AD6-A79C-F9A683501BC9}"
EndProject
Project("{2150E333-8FDC-42A3-9474-1A3956D46DE8}") = "[4] CLI", "[4] CLI", "{BA26761A-3D5E-4B8D-84DF-A47316D79B42}"
EndProject
Project("{2150E333-8FDC-42A3-9474-1A3956D46DE8}") = "[5] Database", "[5] Database", "{C51C70D4-4FFF-4D14-856A-5FD00CF96A83}"
EndProject
Project("{2150E333-8FDC-42A3-9474-1A3956D46DE8}") = "tools", "tools", "{A4988854-8C68-4689-A55A-7855B9C256CD}"
EndProject
Project("{2150E333-8FDC-42A3-9474-1A3956D46DE8}") = "[0] Common", "[0] Common", "{8B2F47DF-7346-4928-9B51-B54F1B700DDA}"
EndProject
Project("{2150E333-8FDC-42A3-9474-1A3956D46DE8}") = "[1] Data", "[1] Data", "{50DB221E-FD27-481C-B9F4-5B56AD7B482B}"
EndProject
Project("{2150E333-8FDC-42A3-9474-1A3956D46DE8}") = "[3] Application", "[3] Application", "{753C4CE1-FD18-42B8-99C9-29FB6F86ACA4}"
EndProject
Project("{FAE04EC0-301F-11D3-BF4B-00C04F79EFBC}") = "Acrowire.Core", "Acrowire.Core\Acrowire.Core.csproj", "{61D64CFA-9D07-4207-9378-E29E56CB39D8}"
EndProject
Project("{FAE04EC0-301F-11D3-BF4B-00C04F79EFBC}") = "Acrowire.Data", "Acrowire.Data\Acrowire.Data.csproj", "{75BC0DE9-59C7-49C5-90DB-A5DE578521FD}"
EndProject
Project("{FAE04EC0-301F-11D3-BF4B-00C04F79EFBC}") = "Acrowire.Application", "Acrowire.Application\Acrowire.Application.csproj", "{A6044E35-3ED6-48E3-94A6-AE59464840D1}"
EndProject
Project("{FAE04EC0-301F-11D3-BF4B-00C04F79EFBC}") = "Acrowire.WebApplication", "Acrowire.WebApplication\Acrowire.WebApplication.csproj", "{A82C1E25-84C0-4CF7-88E8-669A9F1A1840}"
EndProject
Project("{2150E333-8FDC-42A3-9474-1A3956D46DE8}") = "[2] Authentication", "[2] Authentication", "{D755E93B-0533-40EB-B73A-D9648E1742F2}"
EndProject
Project("{FAE04EC0-301F-11D3-BF4B-00C04F79EFBC}") = "Acrowire.Authentication", "Acrowire.Authentication\Acrowire.Authentication.csproj", "{A4EEC57A-73F8-4912-AFE7-85F1F1F23AFA}"
EndProject
Global
	GlobalSection(SolutionConfigurationPlatforms) = preSolution
		Debug|Any CPU = Debug|Any CPU
		dev_acrowire|Any CPU = dev_acrowire|Any CPU
		Release|Any CPU = Release|Any CPU
	EndGlobalSection
	GlobalSection(ProjectConfigurationPlatforms) = postSolution
		{61D64CFA-9D07-4207-9378-E29E56CB39D8}.Debug|Any CPU.ActiveCfg = Debug|Any CPU
		{61D64CFA-9D07-4207-9378-E29E56CB39D8}.Debug|Any CPU.Build.0 = Debug|Any CPU
		{61D64CFA-9D07-4207-9378-E29E56CB39D8}.dev_acrowire|Any CPU.ActiveCfg = Debug|Any CPU
		{61D64CFA-9D07-4207-9378-E29E56CB39D8}.dev_acrowire|Any CPU.Build.0 = Debug|Any CPU
		{61D64CFA-9D07-4207-9378-E29E56CB39D8}.Release|Any CPU.ActiveCfg = Release|Any CPU
		{61D64CFA-9D07-4207-9378-E29E56CB39D8}.Release|Any CPU.Build.0 = Release|Any CPU
		{75BC0DE9-59C7-49C5-90DB-A5DE578521FD}.Debug|Any CPU.ActiveCfg = Debug|Any CPU
		{75BC0DE9-59C7-49C5-90DB-A5DE578521FD}.Debug|Any CPU.Build.0 = Debug|Any CPU
		{75BC0DE9-59C7-49C5-90DB-A5DE578521FD}.dev_acrowire|Any CPU.ActiveCfg = Debug|Any CPU
		{75BC0DE9-59C7-49C5-90DB-A5DE578521FD}.dev_acrowire|Any CPU.Build.0 = Debug|Any CPU
		{75BC0DE9-59C7-49C5-90DB-A5DE578521FD}.Release|Any CPU.ActiveCfg = Release|Any CPU
		{75BC0DE9-59C7-49C5-90DB-A5DE578521FD}.Release|Any CPU.Build.0 = Release|Any CPU
		{A6044E35-3ED6-48E3-94A6-AE59464840D1}.Debug|Any CPU.ActiveCfg = Debug|Any CPU
		{A6044E35-3ED6-48E3-94A6-AE59464840D1}.Debug|Any CPU.Build.0 = Debug|Any CPU
		{A6044E35-3ED6-48E3-94A6-AE59464840D1}.dev_acrowire|Any CPU.ActiveCfg = Debug|Any CPU
		{A6044E35-3ED6-48E3-94A6-AE59464840D1}.dev_acrowire|Any CPU.Build.0 = Debug|Any CPU
		{A6044E35-3ED6-48E3-94A6-AE59464840D1}.Release|Any CPU.ActiveCfg = Release|Any CPU
		{A6044E35-3ED6-48E3-94A6-AE59464840D1}.Release|Any CPU.Build.0 = Release|Any CPU
		{A82C1E25-84C0-4CF7-88E8-669A9F1A1840}.Debug|Any CPU.ActiveCfg = Debug|Any CPU
		{A82C1E25-84C0-4CF7-88E8-669A9F1A1840}.Debug|Any CPU.Build.0 = Debug|Any CPU
		{A82C1E25-84C0-4CF7-88E8-669A9F1A1840}.dev_acrowire|Any CPU.ActiveCfg = Debug|Any CPU
		{A82C1E25-84C0-4CF7-88E8-669A9F1A1840}.dev_acrowire|Any CPU.Build.0 = Debug|Any CPU
		{A82C1E25-84C0-4CF7-88E8-669A9F1A1840}.Release|Any CPU.ActiveCfg = Release|Any CPU
		{A82C1E25-84C0-4CF7-88E8-669A9F1A1840}.Release|Any CPU.Build.0 = Release|Any CPU
		{A4EEC57A-73F8-4912-AFE7-85F1F1F23AFA}.Debug|Any CPU.ActiveCfg = Debug|Any CPU
		{A4EEC57A-73F8-4912-AFE7-85F1F1F23AFA}.Debug|Any CPU.Build.0 = Debug|Any CPU
		{A4EEC57A-73F8-4912-AFE7-85F1F1F23AFA}.dev_acrowire|Any CPU.ActiveCfg = Debug|Any CPU
		{A4EEC57A-73F8-4912-AFE7-85F1F1F23AFA}.dev_acrowire|Any CPU.Build.0 = Debug|Any CPU
		{A4EEC57A-73F8-4912-AFE7-85F1F1F23AFA}.Release|Any CPU.ActiveCfg = Release|Any CPU
		{A4EEC57A-73F8-4912-AFE7-85F1F1F23AFA}.Release|Any CPU.Build.0 = Release|Any CPU
	EndGlobalSection
	GlobalSection(SolutionProperties) = preSolution
		HideSolutionNode = FALSE
	EndGlobalSection
	GlobalSection(NestedProjects) = preSolution
		{8B2F47DF-7346-4928-9B51-B54F1B700DDA} = {84BB0E3D-378B-40DE-B11D-D871DB7DE282}
		{50DB221E-FD27-481C-B9F4-5B56AD7B482B} = {84BB0E3D-378B-40DE-B11D-D871DB7DE282}
		{753C4CE1-FD18-42B8-99C9-29FB6F86ACA4} = {84BB0E3D-378B-40DE-B11D-D871DB7DE282}
		{D755E93B-0533-40EB-B73A-D9648E1742F2} = {84BB0E3D-378B-40DE-B11D-D871DB7DE282}
		{A82C1E25-84C0-4CF7-88E8-669A9F1A1840} = {58C2CEA6-1F73-4465-B112-FB5CC0A4E243}
		{61D64CFA-9D07-4207-9378-E29E56CB39D8} = {8B2F47DF-7346-4928-9B51-B54F1B700DDA}
		{75BC0DE9-59C7-49C5-90DB-A5DE578521FD} = {50DB221E-FD27-481C-B9F4-5B56AD7B482B}
		{A6044E35-3ED6-48E3-94A6-AE59464840D1} = {753C4CE1-FD18-42B8-99C9-29FB6F86ACA4}
		{A4EEC57A-73F8-4912-AFE7-85F1F1F23AFA} = {D755E93B-0533-40EB-B73A-D9648E1742F2}
	EndGlobalSection
EndGlobal
